
Microsoft Visual Studio Solution File, Format Version 12.00
# Visual Studio Version 17
VisualStudioVersion = 17.14.36603.0 d17.14
MinimumVisualStudioVersion = 10.0.40219.1
Project("{FAE04EC0-301F-11D3-BF4B-00C04F79EFBC}") = "WindowsFormsApp15", "WindowsFormsApp15\WindowsFormsApp15.csproj", "{6FA3519F-32A8-4FD4-BA4A-13971EFE0031}"
EndProject
Global
	GlobalSection(SolutionConfigurationPlatforms) = preSolution
		Debug|Any CPU = Debug|Any CPU
		Release|Any CPU = Release|Any CPU
	EndGlobalSection
	GlobalSection(ProjectConfigurationPlatforms) = postSolution
		{6FA3519F-32A8-4FD4-BA4A-13971EFE0031}.Debug|Any CPU.ActiveCfg = Debug|Any CPU
		{6FA3519F-32A8-4FD4-BA4A-13971EFE0031}.Debug|Any CPU.Build.0 = Debug|Any CPU
		{6FA3519F-32A8-4FD4-BA4A-13971EFE0031}.Release|Any CPU.ActiveCfg = Release|Any CPU
		{6FA3519F-32A8-4FD4-BA4A-13971EFE0031}.Release|Any CPU.Build.0 = Release|Any CPU
	EndGlobalSection
	GlobalSection(SolutionProperties) = preSolution
		HideSolutionNode = FALSE
	EndGlobalSection
	GlobalSection(ExtensibilityGlobals) = postSolution
		SolutionGuid = {AD73E73C-90D7-4153-881F-FAFA556FBBCF}
	EndGlobalSection
EndGlobal
